<?xml version="1.0" encoding="utf-8"?>
<Project ToolsVersion="4.0" xmlns="http://schemas.microsoft.com/developer/msbuild/2003">
  <ItemGroup>
    <Filter Include="Source Files">
      <UniqueIdentifier>{4FC737F1-C7A5-4376-A066-2A32D752A2FF}</UniqueIdentifier>
      <Extensions>cpp;c;cc;cxx;c++;cppm;ixx;def;odl;idl;hpj;bat;asm;asmx</Extensions>
    </Filter>
    <Filter Include="Header Files">
      <UniqueIdentifier>{93995380-89BD-4b04-88EB-625FBE52EBFB}</UniqueIdentifier>
      <Extensions>h;hh;hpp;hxx;h++;hm;inl;inc;ipp;xsd</Extensions>
    </Filter>
    <Filter Include="Resource Files">
      <UniqueIdentifier>{67DA6AB6-F800-4c08-8B7A-83BB121AAD01}</UniqueIdentifier>
      <Extensions>rc;ico;cur;bmp;dlg;rc2;rct;bin;rgs;gif;jpg;jpeg;jpe;resx;tiff;tif;png;wav;mfcribbon-ms</Extensions>
    </Filter>
    <Filter Include="Resource Files\files">
      <UniqueIdentifier>{8d6213a9-6b39-4da8-bc2b-267f4b16edc6}</UniqueIdentifier>
    </Filter>
  </ItemGroup>
  <ItemGroup>
    <ClCompile Include="Core.cpp">
      <Filter>Header Files</Filter>
    </ClCompile>
    <ClCompile Include="Matrix2x3.cpp">
      <Filter>Header Files</Filter>
    </ClCompile>
    <ClCompile Include="pch.cpp">
      <Filter>Header Files</Filter>
    </ClCompile>
    <ClCompile Include="SoundEffect.cpp">
      <Filter>Header Files</Filter>
    </ClCompile>
    <ClCompile Include="SoundStream.cpp">
      <Filter>Header Files</Filter>
    </ClCompile>
    <ClCompile Include="structs.cpp">
      <Filter>Header Files</Filter>
    </ClCompile>
    <ClCompile Include="SVGParser.cpp">
      <Filter>Header Files</Filter>
    </ClCompile>
    <ClCompile Include="Texture.cpp">
      <Filter>Header Files</Filter>
    </ClCompile>
    <ClCompile Include="utils.cpp">
      <Filter>Header Files</Filter>
    </ClCompile>
    <ClCompile Include="Vector2f.cpp">
      <Filter>Header Files</Filter>
    </ClCompile>
    <ClCompile Include="Game.cpp">
      <Filter>Source Files</Filter>
    </ClCompile>
    <ClCompile Include="main.cpp">
      <Filter>Source Files</Filter>
    </ClCompile>
    <ClCompile Include="PowerUpManager.cpp">
      <Filter>Source Files</Filter>
    </ClCompile>
    <ClCompile Include="PowerUp.cpp">
      <Filter>Source Files</Filter>
    </ClCompile>
  </ItemGroup>
  <ItemGroup>
    <ClInclude Include="pch.h">
      <Filter>Header Files</Filter>
    </ClInclude>
    <ClInclude Include="Core.h">
      <Filter>Header Files</Filter>
    </ClInclude>
    <ClInclude Include="Matrix2x3.h">
      <Filter>Header Files</Filter>
    </ClInclude>
    <ClInclude Include="SoundEffect.h">
      <Filter>Header Files</Filter>
    </ClInclude>
    <ClInclude Include="SoundStream.h">
      <Filter>Header Files</Filter>
    </ClInclude>
    <ClInclude Include="structs.h">
      <Filter>Header Files</Filter>
    </ClInclude>
    <ClInclude Include="SVGParser.h">
      <Filter>Header Files</Filter>
    </ClInclude>
    <ClInclude Include="Texture.h">
      <Filter>Header Files</Filter>
    </ClInclude>
    <ClInclude Include="utils.h">
      <Filter>Header Files</Filter>
    </ClInclude>
    <ClInclude Include="Vector2f.h">
      <Filter>Header Files</Filter>
    </ClInclude>
    <ClInclude Include="Game.h">
      <Filter>Source Files</Filter>
    </ClInclude>
    <ClInclude Include="PowerUpManager.h">
      <Filter>Source Files</Filter>
    </ClInclude>
    <ClInclude Include="PowerUp.h">
      <Filter>Source Files</Filter>
    </ClInclude>
  </ItemGroup>
  <ItemGroup>
    <Image Include="resources\Images\AvatarSheet.png">
      <Filter>Resource Files</Filter>
    </Image>
    <Image Include="resources\Images\background.png">
      <Filter>Resource Files</Filter>
    </Image>
    <Image Include="resources\Images\EffectsMenu.png">
      <Filter>Resource Files</Filter>
    </Image>
    <Image Include="resources\Images\EndSign.png">
      <Filter>Resource Files</Filter>
    </Image>
    <Image Include="resources\Images\Fence.png">
      <Filter>Resource Files</Filter>
    </Image>
    <Image Include="resources\Images\HudLeft.png">
      <Filter>Resource Files</Filter>
    </Image>
    <Image Include="resources\Images\HudPowerUp.png">
      <Filter>Resource Files</Filter>
    </Image>
    <Image Include="resources\Images\HudRight.png">
      <Filter>Resource Files</Filter>
    </Image>
    <Image Include="resources\Images\platform.png">
      <Filter>Resource Files</Filter>
    </Image>
    <Image Include="resources\Images\PowerUp.png">
      <Filter>Resource Files</Filter>
    </Image>
    <Image Include="resources\Images\StreamsMenu.png">
      <Filter>Resource Files</Filter>
    </Image>
    <Image Include="resources\resources\Images\AvatarSheet.png">
      <Filter>Resource Files</Filter>
    </Image>
    <Image Include="resources\resources\Images\background.png">
      <Filter>Resource Files</Filter>
    </Image>
    <Image Include="resources\resources\Images\EffectsMenu.png">
      <Filter>Resource Files</Filter>
    </Image>
    <Image Include="resources\resources\Images\EndSign.png">
      <Filter>Resource Files</Filter>
    </Image>
    <Image Include="resources\resources\Images\Fence.png">
      <Filter>Resource Files</Filter>
    </Image>
    <Image Include="resources\resources\Images\HudLeft.png">
      <Filter>Resource Files</Filter>
    </Image>
    <Image Include="resources\resources\Images\HudPowerUp.png">
      <Filter>Resource Files</Filter>
    </Image>
    <Image Include="resources\resources\Images\HudRight.png">
      <Filter>Resource Files</Filter>
    </Image>
    <Image Include="resources\resources\Images\platform.png">
      <Filter>Resource Files</Filter>
    </Image>
    <Image Include="resources\resources\Images\PowerUp.png">
      <Filter>Resource Files</Filter>
    </Image>
    <Image Include="resources\resources\Images\StreamsMenu.png">
      <Filter>Resource Files</Filter>
    </Image>
  </ItemGroup>
  <ItemGroup>
    <None Include="resources\resources\Sounds\jingles.ogg">
      <Filter>Resource Files\files</Filter>
    </None>
    <None Include="resources\Sounds\jingles.ogg">
      <Filter>Resource Files\files</Filter>
    </None>
    <None Include="resources\Sounds\laser.ogg">
      <Filter>Resource Files\files</Filter>
    </None>
    <None Include="resources\resources\Sounds\laser.ogg">
      <Filter>Resource Files\files</Filter>
    </None>
    <None Include="resources\Images\level.svg">
      <Filter>Resource Files\files</Filter>
    </None>
    <None Include="resources\resources\Images\level.svg">
      <Filter>Resource Files\files</Filter>
    </None>
  </ItemGroup>
  <ItemGroup>
    <Media Include="resources\Sounds\DonkeyKong.mp3">
      <Filter>Resource Files\files</Filter>
    </Media>
    <Media Include="resources\resources\Sounds\DonkeyKong.mp3">
      <Filter>Resource Files\files</Filter>
    </Media>
    <Media Include="resources\Sounds\Mario.mp3">
      <Filter>Resource Files\files</Filter>
    </Media>
    <Media Include="resources\resources\Sounds\Mario.mp3">
      <Filter>Resource Files\files</Filter>
    </Media>
    <Media Include="resources\resources\Sounds\powerUp.mp3">
      <Filter>Resource Files\files</Filter>
    </Media>
    <Media Include="resources\Sounds\powerUp.mp3">
      <Filter>Resource Files\files</Filter>
    </Media>
  </ItemGroup>
</Project>