
Microsoft Visual Studio Solution File, Format Version 12.00
# Visual Studio Version 17
VisualStudioVersion = 17.1.32210.238
MinimumVisualStudioVersion = 10.0.40219.1
Project("{8BC9CEB8-8B4A-11D0-8D11-00A0C91BC942}") = "Demo", "Demo\Demo.vcxproj", "{1748F104-98AB-4748-828D-C33D912B0310}"
EndProject
Project("{8BC9CEB8-8B4A-11D0-8D11-00A0C91BC942}") = "RayCast", "RayCast\RayCast.vcxproj", "{4078AD10-7DDC-4CA3-AD14-66C3C37CD0DD}"
EndProject
Project("{8BC9CEB8-8B4A-11D0-8D11-00A0C91BC942}") = "PolymorphismBasics", "PolymorphismBasics\PolymorphismBasics.vcxproj", "{663D76E7-2375-4612-A82B-6BF014B050D2}"
EndProject
Project("{8BC9CEB8-8B4A-11D0-8D11-00A0C91BC942}") = "TheoryHandson", "TheoryHandson\TheoryHandson.vcxproj", "{5D88D701-8328-4CD1-88EB-9324160EB1CF}"
EndProject
Project("{8BC9CEB8-8B4A-11D0-8D11-00A0C91BC942}") = "PolymorphismShapes", "PolymorphismShapes\PolymorphismShapes.vcxproj", "{69F0AF3D-0075-4E39-A36B-0F6B6A4C3A71}"
EndProject
Global
	GlobalSection(SolutionConfigurationPlatforms) = preSolution
		Debug|x64 = Debug|x64
		Debug|x86 = Debug|x86
		Release|x64 = Release|x64
		Release|x86 = Release|x86
	EndGlobalSection
	GlobalSection(ProjectConfigurationPlatforms) = postSolution
		{1748F104-98AB-4748-828D-C33D912B0310}.Debug|x64.ActiveCfg = Debug|x64
		{1748F104-98AB-4748-828D-C33D912B0310}.Debug|x64.Build.0 = Debug|x64
		{1748F104-98AB-4748-828D-C33D912B0310}.Debug|x86.ActiveCfg = Debug|Win32
		{1748F104-98AB-4748-828D-C33D912B0310}.Debug|x86.Build.0 = Debug|Win32
		{1748F104-98AB-4748-828D-C33D912B0310}.Release|x64.ActiveCfg = Release|x64
		{1748F104-98AB-4748-828D-C33D912B0310}.Release|x64.Build.0 = Release|x64
		{1748F104-98AB-4748-828D-C33D912B0310}.Release|x86.ActiveCfg = Release|Win32
		{1748F104-98AB-4748-828D-C33D912B0310}.Release|x86.Build.0 = Release|Win32
		{4078AD10-7DDC-4CA3-AD14-66C3C37CD0DD}.Debug|x64.ActiveCfg = Debug|x64
		{4078AD10-7DDC-4CA3-AD14-66C3C37CD0DD}.Debug|x64.Build.0 = Debug|x64
		{4078AD10-7DDC-4CA3-AD14-66C3C37CD0DD}.Debug|x86.ActiveCfg = Debug|Win32
		{4078AD10-7DDC-4CA3-AD14-66C3C37CD0DD}.Debug|x86.Build.0 = Debug|Win32
		{4078AD10-7DDC-4CA3-AD14-66C3C37CD0DD}.Release|x64.ActiveCfg = Release|x64
		{4078AD10-7DDC-4CA3-AD14-66C3C37CD0DD}.Release|x64.Build.0 = Release|x64
		{4078AD10-7DDC-4CA3-AD14-66C3C37CD0DD}.Release|x86.ActiveCfg = Release|Win32
		{4078AD10-7DDC-4CA3-AD14-66C3C37CD0DD}.Release|x86.Build.0 = Release|Win32
		{663D76E7-2375-4612-A82B-6BF014B050D2}.Debug|x64.ActiveCfg = Debug|x64
		{663D76E7-2375-4612-A82B-6BF014B050D2}.Debug|x64.Build.0 = Debug|x64
		{663D76E7-2375-4612-A82B-6BF014B050D2}.Debug|x86.ActiveCfg = Debug|Win32
		{663D76E7-2375-4612-A82B-6BF014B050D2}.Debug|x86.Build.0 = Debug|Win32
		{663D76E7-2375-4612-A82B-6BF014B050D2}.Release|x64.ActiveCfg = Release|x64
		{663D76E7-2375-4612-A82B-6BF014B050D2}.Release|x64.Build.0 = Release|x64
		{663D76E7-2375-4612-A82B-6BF014B050D2}.Release|x86.ActiveCfg = Release|Win32
		{663D76E7-2375-4612-A82B-6BF014B050D2}.Release|x86.Build.0 = Release|Win32
		{5D88D701-8328-4CD1-88EB-9324160EB1CF}.Debug|x64.ActiveCfg = Debug|x64
		{5D88D701-8328-4CD1-88EB-9324160EB1CF}.Debug|x64.Build.0 = Debug|x64
		{5D88D701-8328-4CD1-88EB-9324160EB1CF}.Debug|x86.ActiveCfg = Debug|Win32
		{5D88D701-8328-4CD1-88EB-9324160EB1CF}.Debug|x86.Build.0 = Debug|Win32
		{5D88D701-8328-4CD1-88EB-9324160EB1CF}.Release|x64.ActiveCfg = Release|x64
		{5D88D701-8328-4CD1-88EB-9324160EB1CF}.Release|x64.Build.0 = Release|x64
		{5D88D701-8328-4CD1-88EB-9324160EB1CF}.Release|x86.ActiveCfg = Release|Win32
		{5D88D701-8328-4CD1-88EB-9324160EB1CF}.Release|x86.Build.0 = Release|Win32
		{69F0AF3D-0075-4E39-A36B-0F6B6A4C3A71}.Debug|x64.ActiveCfg = Debug|x64
		{69F0AF3D-0075-4E39-A36B-0F6B6A4C3A71}.Debug|x64.Build.0 = Debug|x64
		{69F0AF3D-0075-4E39-A36B-0F6B6A4C3A71}.Debug|x86.ActiveCfg = Debug|Win32
		{69F0AF3D-0075-4E39-A36B-0F6B6A4C3A71}.Debug|x86.Build.0 = Debug|Win32
		{69F0AF3D-0075-4E39-A36B-0F6B6A4C3A71}.Release|x64.ActiveCfg = Release|x64
		{69F0AF3D-0075-4E39-A36B-0F6B6A4C3A71}.Release|x64.Build.0 = Release|x64
		{69F0AF3D-0075-4E39-A36B-0F6B6A4C3A71}.Release|x86.ActiveCfg = Release|Win32
		{69F0AF3D-0075-4E39-A36B-0F6B6A4C3A71}.Release|x86.Build.0 = Release|Win32
	EndGlobalSection
	GlobalSection(SolutionProperties) = preSolution
		HideSolutionNode = FALSE
	EndGlobalSection
	GlobalSection(ExtensibilityGlobals) = postSolution
		SolutionGuid = {047CCB21-A706-40EC-B9F9-010CB7F92763}
	EndGlobalSection
EndGlobal
